
Microsoft Visual Studio Solution File, Format Version 11.00
# Visual Studio 2010
Project("{2150E333-8FDC-42A3-9474-1A3956D46DE8}") = "StatisticProviders", "StatisticProviders", "{6DD2944A-1688-4B6D-84C3-80004C4620A4}"
EndProject
Project("{2150E333-8FDC-42A3-9474-1A3956D46DE8}") = "Tests", "Tests", "{8636084C-A597-4042-9183-6F61C72BE592}"
EndProject
Project("{2150E333-8FDC-42A3-9474-1A3956D46DE8}") = "ProviderDefinitions", "ProviderDefinitions", "{08226A2E-63C5-4CA1-BF9E-AB423758FF99}"
EndProject
Project("{FAE04EC0-301F-11D3-BF4B-00C04F79EFBC}") = "ProviderDataContracts", "providerDefinitions\ProviderDataContracts\ProviderDataContracts.csproj", "{965FC19E-C774-45D9-8F8F-F071552D9598}"
EndProject
Project("{FAE04EC0-301F-11D3-BF4B-00C04F79EFBC}") = "INEProvider", "StatisticProvideres\INEProvider\INEProvider.csproj", "{13AA3B5C-DAE6-4E6F-A202-82A016FF38B8}"
EndProject
Project("{FAE04EC0-301F-11D3-BF4B-00C04F79EFBC}") = "ProviderServiceInterface", "providerDefinitions\ProviderServiceInterface\ProviderServiceInterface.csproj", "{4DD2BDA5-678D-4A8E-BA75-9A32CD760898}"
EndProject
Project("{FAE04EC0-301F-11D3-BF4B-00C04F79EFBC}") = "FakeStatisticsProvider", "StatisticProvideres\FakeStatisticsProvider\FakeStatisticsProvider.csproj", "{5BD0413A-4B4D-4FB0-A3F4-B577467950D0}"
EndProject
Project("{2150E333-8FDC-42A3-9474-1A3956D46DE8}") = "StatisticsProxy", "StatisticsProxy", "{FC9C004D-47A4-43CD-A50F-A8D884CE1530}"
EndProject
Project("{2150E333-8FDC-42A3-9474-1A3956D46DE8}") = "services", "services", "{21322139-3A10-4209-8392-61501E512AD8}"
EndProject
Project("{FAE04EC0-301F-11D3-BF4B-00C04F79EFBC}") = "RestService", "StatisticsProxyService\services\RestService\RestService.csproj", "{371CA5EB-5B4F-4073-903E-CE1D9160F3A6}"
EndProject
Project("{FAE04EC0-301F-11D3-BF4B-00C04F79EFBC}") = "StatisticsProxyServiceDefenitions", "StatisticsProxyService\StatisticsProxyServiceDefenitions\StatisticsProxyServiceDefenitions.csproj", "{414F67CD-3270-4C30-924E-A4AD5B8A2361}"
EndProject
Project("{FAE04EC0-301F-11D3-BF4B-00C04F79EFBC}") = "StatisticsProxyImpl", "StatisticsProxyService\StatisticsProxyImpl\StatisticsProxyImpl.csproj", "{2894F794-8DA3-4580-A6A1-FC30F855E9C7}"
EndProject
Global
	GlobalSection(SolutionConfigurationPlatforms) = preSolution
		Debug|Any CPU = Debug|Any CPU
		Release|Any CPU = Release|Any CPU
	EndGlobalSection
	GlobalSection(ProjectConfigurationPlatforms) = postSolution
		{965FC19E-C774-45D9-8F8F-F071552D9598}.Debug|Any CPU.ActiveCfg = Debug|Any CPU
		{965FC19E-C774-45D9-8F8F-F071552D9598}.Debug|Any CPU.Build.0 = Debug|Any CPU
		{965FC19E-C774-45D9-8F8F-F071552D9598}.Release|Any CPU.ActiveCfg = Release|Any CPU
		{965FC19E-C774-45D9-8F8F-F071552D9598}.Release|Any CPU.Build.0 = Release|Any CPU
		{13AA3B5C-DAE6-4E6F-A202-82A016FF38B8}.Debug|Any CPU.ActiveCfg = Debug|Any CPU
		{13AA3B5C-DAE6-4E6F-A202-82A016FF38B8}.Debug|Any CPU.Build.0 = Debug|Any CPU
		{13AA3B5C-DAE6-4E6F-A202-82A016FF38B8}.Release|Any CPU.ActiveCfg = Release|Any CPU
		{13AA3B5C-DAE6-4E6F-A202-82A016FF38B8}.Release|Any CPU.Build.0 = Release|Any CPU
		{4DD2BDA5-678D-4A8E-BA75-9A32CD760898}.Debug|Any CPU.ActiveCfg = Debug|Any CPU
		{4DD2BDA5-678D-4A8E-BA75-9A32CD760898}.Debug|Any CPU.Build.0 = Debug|Any CPU
		{4DD2BDA5-678D-4A8E-BA75-9A32CD760898}.Release|Any CPU.ActiveCfg = Release|Any CPU
		{4DD2BDA5-678D-4A8E-BA75-9A32CD760898}.Release|Any CPU.Build.0 = Release|Any CPU
		{5BD0413A-4B4D-4FB0-A3F4-B577467950D0}.Debug|Any CPU.ActiveCfg = Debug|Any CPU
		{5BD0413A-4B4D-4FB0-A3F4-B577467950D0}.Debug|Any CPU.Build.0 = Debug|Any CPU
		{5BD0413A-4B4D-4FB0-A3F4-B577467950D0}.Release|Any CPU.ActiveCfg = Release|Any CPU
		{5BD0413A-4B4D-4FB0-A3F4-B577467950D0}.Release|Any CPU.Build.0 = Release|Any CPU
		{371CA5EB-5B4F-4073-903E-CE1D9160F3A6}.Debug|Any CPU.ActiveCfg = Debug|Any CPU
		{371CA5EB-5B4F-4073-903E-CE1D9160F3A6}.Debug|Any CPU.Build.0 = Debug|Any CPU
		{371CA5EB-5B4F-4073-903E-CE1D9160F3A6}.Release|Any CPU.ActiveCfg = Release|Any CPU
		{371CA5EB-5B4F-4073-903E-CE1D9160F3A6}.Release|Any CPU.Build.0 = Release|Any CPU
		{414F67CD-3270-4C30-924E-A4AD5B8A2361}.Debug|Any CPU.ActiveCfg = Debug|Any CPU
		{414F67CD-3270-4C30-924E-A4AD5B8A2361}.Debug|Any CPU.Build.0 = Debug|Any CPU
		{414F67CD-3270-4C30-924E-A4AD5B8A2361}.Release|Any CPU.ActiveCfg = Release|Any CPU
		{414F67CD-3270-4C30-924E-A4AD5B8A2361}.Release|Any CPU.Build.0 = Release|Any CPU
		{2894F794-8DA3-4580-A6A1-FC30F855E9C7}.Debug|Any CPU.ActiveCfg = Debug|Any CPU
		{2894F794-8DA3-4580-A6A1-FC30F855E9C7}.Debug|Any CPU.Build.0 = Debug|Any CPU
		{2894F794-8DA3-4580-A6A1-FC30F855E9C7}.Release|Any CPU.ActiveCfg = Release|Any CPU
		{2894F794-8DA3-4580-A6A1-FC30F855E9C7}.Release|Any CPU.Build.0 = Release|Any CPU
	EndGlobalSection
	GlobalSection(SolutionProperties) = preSolution
		HideSolutionNode = FALSE
	EndGlobalSection
	GlobalSection(NestedProjects) = preSolution
		{13AA3B5C-DAE6-4E6F-A202-82A016FF38B8} = {6DD2944A-1688-4B6D-84C3-80004C4620A4}
		{5BD0413A-4B4D-4FB0-A3F4-B577467950D0} = {6DD2944A-1688-4B6D-84C3-80004C4620A4}
		{965FC19E-C774-45D9-8F8F-F071552D9598} = {08226A2E-63C5-4CA1-BF9E-AB423758FF99}
		{4DD2BDA5-678D-4A8E-BA75-9A32CD760898} = {08226A2E-63C5-4CA1-BF9E-AB423758FF99}
		{21322139-3A10-4209-8392-61501E512AD8} = {FC9C004D-47A4-43CD-A50F-A8D884CE1530}
		{414F67CD-3270-4C30-924E-A4AD5B8A2361} = {FC9C004D-47A4-43CD-A50F-A8D884CE1530}
		{2894F794-8DA3-4580-A6A1-FC30F855E9C7} = {FC9C004D-47A4-43CD-A50F-A8D884CE1530}
		{371CA5EB-5B4F-4073-903E-CE1D9160F3A6} = {21322139-3A10-4209-8392-61501E512AD8}
	EndGlobalSection
EndGlobal
