
Microsoft Visual Studio Solution File, Format Version 11.00
# Visual Studio 2010
Project("{2150E333-8FDC-42A3-9474-1A3956D46DE8}") = "StatisticProviders", "StatisticProviders", "{6DD2944A-1688-4B6D-84C3-80004C4620A4}"
EndProject
Project("{2150E333-8FDC-42A3-9474-1A3956D46DE8}") = "Tests", "Tests", "{8636084C-A597-4042-9183-6F61C72BE592}"
EndProject
Project("{2150E333-8FDC-42A3-9474-1A3956D46DE8}") = "ProviderDefinitions", "ProviderDefinitions", "{08226A2E-63C5-4CA1-BF9E-AB423758FF99}"
EndProject
Project("{FAE04EC0-301F-11D3-BF4B-00C04F79EFBC}") = "ProviderDataContracts", "providerDefinitions\ProviderDataContracts\ProviderDataContracts.csproj", "{965FC19E-C774-45D9-8F8F-F071552D9598}"
EndProject
Project("{FAE04EC0-301F-11D3-BF4B-00C04F79EFBC}") = "INEProvider", "StatisticProvideres\INEProvider\INEProvider.csproj", "{13AA3B5C-DAE6-4E6F-A202-82A016FF38B8}"
EndProject
Project("{2150E333-8FDC-42A3-9474-1A3956D46DE8}") = "StatisticsProxy", "StatisticsProxy", "{FC9C004D-47A4-43CD-A50F-A8D884CE1530}"
EndProject
Project("{2150E333-8FDC-42A3-9474-1A3956D46DE8}") = "services", "services", "{21322139-3A10-4209-8392-61501E512AD8}"
EndProject
Project("{FAE04EC0-301F-11D3-BF4B-00C04F79EFBC}") = "StatisticsProxyServiceDefenitions", "StatisticsProxyService\StatisticsProxyServiceDefenitions\StatisticsProxyServiceDefenitions.csproj", "{414F67CD-3270-4C30-924E-A4AD5B8A2361}"
EndProject
Project("{FAE04EC0-301F-11D3-BF4B-00C04F79EFBC}") = "StatisticsProxyImpl", "StatisticsProxyService\StatisticsProxyImpl\StatisticsProxyImpl.csproj", "{2894F794-8DA3-4580-A6A1-FC30F855E9C7}"
EndProject
Project("{2150E333-8FDC-42A3-9474-1A3956D46DE8}") = "datastore", "datastore", "{17535620-8204-4C40-97FD-48156F39B523}"
EndProject
Project("{2150E333-8FDC-42A3-9474-1A3956D46DE8}") = "datastore", "datastore", "{620987E6-9C18-4C37-85D5-35471154B473}"
EndProject
Project("{FAE04EC0-301F-11D3-BF4B-00C04F79EFBC}") = "DataStore.DAO.Tests", "Tests\datastore\DataStore.DAO.Tests\DataStore.DAO.Tests.csproj", "{942C984F-4EBD-4547-B35E-34C9CC6CCE71}"
EndProject
Project("{2150E333-8FDC-42A3-9474-1A3956D46DE8}") = "statisticProviders", "statisticProviders", "{FBF7E43E-E348-4B5E-A563-C70B0115B948}"
EndProject
Project("{2150E333-8FDC-42A3-9474-1A3956D46DE8}") = "StatisticsProxy", "StatisticsProxy", "{C46F62B0-28FB-4982-AD82-52B87653DC3D}"
EndProject
Project("{FAE04EC0-301F-11D3-BF4B-00C04F79EFBC}") = "DataStore.DBHelpers.Tests", "Tests\datastore\DataStore.DbHelpers.Tests\DataStore.DBHelpers.Tests.csproj", "{62783A8B-4446-40F2-942E-D61ABBDCC657}"
EndProject
Project("{FAE04EC0-301F-11D3-BF4B-00C04F79EFBC}") = "DataStore.Common", "StatisticsProxyService\datastore\DataStore.Common\DataStore.Common.csproj", "{97993FC0-9561-4B9E-9CCE-281F6DAD30C2}"
EndProject
Project("{FAE04EC0-301F-11D3-BF4B-00C04F79EFBC}") = "DataStore.DAO", "StatisticsProxyService\datastore\DataStore.DAO\DataStore.DAO.csproj", "{DC94CE66-4BB4-49AD-A707-BDC3924645A4}"
EndProject
Project("{FAE04EC0-301F-11D3-BF4B-00C04F79EFBC}") = "DataStore.DbHelpers", "StatisticsProxyService\datastore\DataStore.DbHelpers\DataStore.DbHelpers.csproj", "{5EF82FFA-0E8D-4B39-ACFA-D97E9D99A44D}"
EndProject
Project("{2150E333-8FDC-42A3-9474-1A3956D46DE8}") = "cache", "cache", "{25995F8C-EFE3-4149-9A1A-12642461ADAD}"
EndProject
Project("{FAE04EC0-301F-11D3-BF4B-00C04F79EFBC}") = "DependencyInjection", "StatisticsProxyService\services\DependencyInjection\DependencyInjection.csproj", "{FA988183-6BBE-43E4-A80E-5E7CE137257E}"
EndProject
Project("{2150E333-8FDC-42A3-9474-1A3956D46DE8}") = "Solution Items", "Solution Items", "{3E6FD717-CBC1-4D30-A7F4-272048CD769D}"
	ProjectSection(SolutionItems) = preProject
		Local.testsettings = Local.testsettings
		services1.vsmdi = services1.vsmdi
		TraceAndTestImpact.testsettings = TraceAndTestImpact.testsettings
	EndProjectSection
EndProject
Project("{FAE04EC0-301F-11D3-BF4B-00C04F79EFBC}") = "StatisticsProxyImpl.Tests", "Tests\StatisticsProxy\StatisticsProxyImpl.Tests\StatisticsProxyImpl.Tests.csproj", "{5A0A4EDA-989C-41F0-BFEC-38230E593E22}"
EndProject
Project("{2150E333-8FDC-42A3-9474-1A3956D46DE8}") = "services", "services", "{BE5760E6-FF38-4509-B157-19FF800C4634}"
EndProject
Project("{FAE04EC0-301F-11D3-BF4B-00C04F79EFBC}") = "RestService.Test", "Tests\services\RestService.Test\RestService.Test.csproj", "{88A5FB25-BF28-4EC5-AE8D-7862BC3556C3}"
EndProject
Project("{FAE04EC0-301F-11D3-BF4B-00C04F79EFBC}") = "INEProvider.Test", "Tests\statisticsProvider\INEProvider.Test\INEProvider.Test.csproj", "{2503CF05-A4D6-4826-9806-F953DB54830D}"
EndProject
Project("{C8D11400-126E-41CD-887F-60BD40844F9E}") = "DataStore.DbDefinition", "StatisticsProxyService\datastore\DataStore.DbDefinition\DataStore.DbDefinition.dbproj", "{67CBC824-A49E-4E9B-A947-360F3DFE65C3}"
EndProject
Project("{FAE04EC0-301F-11D3-BF4B-00C04F79EFBC}") = "StatisticsServices", "StatisticsProxyService\services\StatisticsServices\StatisticsServices.csproj", "{5ABA97AA-BD17-4117-BD08-CD5F417E4005}"
EndProject
Global
	GlobalSection(TestCaseManagementSettings) = postSolution
		CategoryFile = services1.vsmdi
	EndGlobalSection
	GlobalSection(SolutionConfigurationPlatforms) = preSolution
		Debug|Any CPU = Debug|Any CPU
		Release|Any CPU = Release|Any CPU
	EndGlobalSection
	GlobalSection(ProjectConfigurationPlatforms) = postSolution
		{965FC19E-C774-45D9-8F8F-F071552D9598}.Debug|Any CPU.ActiveCfg = Debug|Any CPU
		{965FC19E-C774-45D9-8F8F-F071552D9598}.Debug|Any CPU.Build.0 = Debug|Any CPU
		{965FC19E-C774-45D9-8F8F-F071552D9598}.Release|Any CPU.ActiveCfg = Release|Any CPU
		{965FC19E-C774-45D9-8F8F-F071552D9598}.Release|Any CPU.Build.0 = Release|Any CPU
		{13AA3B5C-DAE6-4E6F-A202-82A016FF38B8}.Debug|Any CPU.ActiveCfg = Debug|Any CPU
		{13AA3B5C-DAE6-4E6F-A202-82A016FF38B8}.Debug|Any CPU.Build.0 = Debug|Any CPU
		{13AA3B5C-DAE6-4E6F-A202-82A016FF38B8}.Release|Any CPU.ActiveCfg = Release|Any CPU
		{13AA3B5C-DAE6-4E6F-A202-82A016FF38B8}.Release|Any CPU.Build.0 = Release|Any CPU
		{414F67CD-3270-4C30-924E-A4AD5B8A2361}.Debug|Any CPU.ActiveCfg = Debug|Any CPU
		{414F67CD-3270-4C30-924E-A4AD5B8A2361}.Debug|Any CPU.Build.0 = Debug|Any CPU
		{414F67CD-3270-4C30-924E-A4AD5B8A2361}.Release|Any CPU.ActiveCfg = Release|Any CPU
		{414F67CD-3270-4C30-924E-A4AD5B8A2361}.Release|Any CPU.Build.0 = Release|Any CPU
		{2894F794-8DA3-4580-A6A1-FC30F855E9C7}.Debug|Any CPU.ActiveCfg = Debug|Any CPU
		{2894F794-8DA3-4580-A6A1-FC30F855E9C7}.Debug|Any CPU.Build.0 = Debug|Any CPU
		{2894F794-8DA3-4580-A6A1-FC30F855E9C7}.Release|Any CPU.ActiveCfg = Release|Any CPU
		{2894F794-8DA3-4580-A6A1-FC30F855E9C7}.Release|Any CPU.Build.0 = Release|Any CPU
		{942C984F-4EBD-4547-B35E-34C9CC6CCE71}.Debug|Any CPU.ActiveCfg = Debug|Any CPU
		{942C984F-4EBD-4547-B35E-34C9CC6CCE71}.Debug|Any CPU.Build.0 = Debug|Any CPU
		{942C984F-4EBD-4547-B35E-34C9CC6CCE71}.Release|Any CPU.ActiveCfg = Release|Any CPU
		{942C984F-4EBD-4547-B35E-34C9CC6CCE71}.Release|Any CPU.Build.0 = Release|Any CPU
		{62783A8B-4446-40F2-942E-D61ABBDCC657}.Debug|Any CPU.ActiveCfg = Debug|Any CPU
		{62783A8B-4446-40F2-942E-D61ABBDCC657}.Debug|Any CPU.Build.0 = Debug|Any CPU
		{62783A8B-4446-40F2-942E-D61ABBDCC657}.Release|Any CPU.ActiveCfg = Release|Any CPU
		{62783A8B-4446-40F2-942E-D61ABBDCC657}.Release|Any CPU.Build.0 = Release|Any CPU
		{97993FC0-9561-4B9E-9CCE-281F6DAD30C2}.Debug|Any CPU.ActiveCfg = Debug|Any CPU
		{97993FC0-9561-4B9E-9CCE-281F6DAD30C2}.Debug|Any CPU.Build.0 = Debug|Any CPU
		{97993FC0-9561-4B9E-9CCE-281F6DAD30C2}.Release|Any CPU.ActiveCfg = Release|Any CPU
		{97993FC0-9561-4B9E-9CCE-281F6DAD30C2}.Release|Any CPU.Build.0 = Release|Any CPU
		{DC94CE66-4BB4-49AD-A707-BDC3924645A4}.Debug|Any CPU.ActiveCfg = Debug|Any CPU
		{DC94CE66-4BB4-49AD-A707-BDC3924645A4}.Debug|Any CPU.Build.0 = Debug|Any CPU
		{DC94CE66-4BB4-49AD-A707-BDC3924645A4}.Release|Any CPU.ActiveCfg = Release|Any CPU
		{DC94CE66-4BB4-49AD-A707-BDC3924645A4}.Release|Any CPU.Build.0 = Release|Any CPU
		{5EF82FFA-0E8D-4B39-ACFA-D97E9D99A44D}.Debug|Any CPU.ActiveCfg = Debug|Any CPU
		{5EF82FFA-0E8D-4B39-ACFA-D97E9D99A44D}.Debug|Any CPU.Build.0 = Debug|Any CPU
		{5EF82FFA-0E8D-4B39-ACFA-D97E9D99A44D}.Release|Any CPU.ActiveCfg = Release|Any CPU
		{5EF82FFA-0E8D-4B39-ACFA-D97E9D99A44D}.Release|Any CPU.Build.0 = Release|Any CPU
		{FA988183-6BBE-43E4-A80E-5E7CE137257E}.Debug|Any CPU.ActiveCfg = Debug|Any CPU
		{FA988183-6BBE-43E4-A80E-5E7CE137257E}.Debug|Any CPU.Build.0 = Debug|Any CPU
		{FA988183-6BBE-43E4-A80E-5E7CE137257E}.Release|Any CPU.ActiveCfg = Release|Any CPU
		{FA988183-6BBE-43E4-A80E-5E7CE137257E}.Release|Any CPU.Build.0 = Release|Any CPU
		{5A0A4EDA-989C-41F0-BFEC-38230E593E22}.Debug|Any CPU.ActiveCfg = Debug|Any CPU
		{5A0A4EDA-989C-41F0-BFEC-38230E593E22}.Debug|Any CPU.Build.0 = Debug|Any CPU
		{5A0A4EDA-989C-41F0-BFEC-38230E593E22}.Release|Any CPU.ActiveCfg = Release|Any CPU
		{5A0A4EDA-989C-41F0-BFEC-38230E593E22}.Release|Any CPU.Build.0 = Release|Any CPU
		{88A5FB25-BF28-4EC5-AE8D-7862BC3556C3}.Debug|Any CPU.ActiveCfg = Debug|Any CPU
		{88A5FB25-BF28-4EC5-AE8D-7862BC3556C3}.Debug|Any CPU.Build.0 = Debug|Any CPU
		{88A5FB25-BF28-4EC5-AE8D-7862BC3556C3}.Release|Any CPU.ActiveCfg = Release|Any CPU
		{88A5FB25-BF28-4EC5-AE8D-7862BC3556C3}.Release|Any CPU.Build.0 = Release|Any CPU
		{2503CF05-A4D6-4826-9806-F953DB54830D}.Debug|Any CPU.ActiveCfg = Debug|Any CPU
		{2503CF05-A4D6-4826-9806-F953DB54830D}.Debug|Any CPU.Build.0 = Debug|Any CPU
		{2503CF05-A4D6-4826-9806-F953DB54830D}.Release|Any CPU.ActiveCfg = Release|Any CPU
		{2503CF05-A4D6-4826-9806-F953DB54830D}.Release|Any CPU.Build.0 = Release|Any CPU
		{67CBC824-A49E-4E9B-A947-360F3DFE65C3}.Debug|Any CPU.ActiveCfg = Debug|Any CPU
		{67CBC824-A49E-4E9B-A947-360F3DFE65C3}.Debug|Any CPU.Build.0 = Debug|Any CPU
		{67CBC824-A49E-4E9B-A947-360F3DFE65C3}.Debug|Any CPU.Deploy.0 = Debug|Any CPU
		{67CBC824-A49E-4E9B-A947-360F3DFE65C3}.Release|Any CPU.ActiveCfg = Release|Any CPU
		{67CBC824-A49E-4E9B-A947-360F3DFE65C3}.Release|Any CPU.Build.0 = Release|Any CPU
		{67CBC824-A49E-4E9B-A947-360F3DFE65C3}.Release|Any CPU.Deploy.0 = Release|Any CPU
		{5ABA97AA-BD17-4117-BD08-CD5F417E4005}.Debug|Any CPU.ActiveCfg = Debug|Any CPU
		{5ABA97AA-BD17-4117-BD08-CD5F417E4005}.Debug|Any CPU.Build.0 = Debug|Any CPU
		{5ABA97AA-BD17-4117-BD08-CD5F417E4005}.Release|Any CPU.ActiveCfg = Release|Any CPU
		{5ABA97AA-BD17-4117-BD08-CD5F417E4005}.Release|Any CPU.Build.0 = Release|Any CPU
	EndGlobalSection
	GlobalSection(SolutionProperties) = preSolution
		HideSolutionNode = FALSE
	EndGlobalSection
	GlobalSection(NestedProjects) = preSolution
		{13AA3B5C-DAE6-4E6F-A202-82A016FF38B8} = {6DD2944A-1688-4B6D-84C3-80004C4620A4}
		{620987E6-9C18-4C37-85D5-35471154B473} = {8636084C-A597-4042-9183-6F61C72BE592}
		{FBF7E43E-E348-4B5E-A563-C70B0115B948} = {8636084C-A597-4042-9183-6F61C72BE592}
		{C46F62B0-28FB-4982-AD82-52B87653DC3D} = {8636084C-A597-4042-9183-6F61C72BE592}
		{3E6FD717-CBC1-4D30-A7F4-272048CD769D} = {8636084C-A597-4042-9183-6F61C72BE592}
		{BE5760E6-FF38-4509-B157-19FF800C4634} = {8636084C-A597-4042-9183-6F61C72BE592}
		{965FC19E-C774-45D9-8F8F-F071552D9598} = {08226A2E-63C5-4CA1-BF9E-AB423758FF99}
		{21322139-3A10-4209-8392-61501E512AD8} = {FC9C004D-47A4-43CD-A50F-A8D884CE1530}
		{414F67CD-3270-4C30-924E-A4AD5B8A2361} = {FC9C004D-47A4-43CD-A50F-A8D884CE1530}
		{2894F794-8DA3-4580-A6A1-FC30F855E9C7} = {FC9C004D-47A4-43CD-A50F-A8D884CE1530}
		{17535620-8204-4C40-97FD-48156F39B523} = {FC9C004D-47A4-43CD-A50F-A8D884CE1530}
		{25995F8C-EFE3-4149-9A1A-12642461ADAD} = {FC9C004D-47A4-43CD-A50F-A8D884CE1530}
		{FA988183-6BBE-43E4-A80E-5E7CE137257E} = {21322139-3A10-4209-8392-61501E512AD8}
		{5ABA97AA-BD17-4117-BD08-CD5F417E4005} = {21322139-3A10-4209-8392-61501E512AD8}
		{97993FC0-9561-4B9E-9CCE-281F6DAD30C2} = {17535620-8204-4C40-97FD-48156F39B523}
		{DC94CE66-4BB4-49AD-A707-BDC3924645A4} = {17535620-8204-4C40-97FD-48156F39B523}
		{5EF82FFA-0E8D-4B39-ACFA-D97E9D99A44D} = {17535620-8204-4C40-97FD-48156F39B523}
		{67CBC824-A49E-4E9B-A947-360F3DFE65C3} = {17535620-8204-4C40-97FD-48156F39B523}
		{942C984F-4EBD-4547-B35E-34C9CC6CCE71} = {620987E6-9C18-4C37-85D5-35471154B473}
		{62783A8B-4446-40F2-942E-D61ABBDCC657} = {620987E6-9C18-4C37-85D5-35471154B473}
		{2503CF05-A4D6-4826-9806-F953DB54830D} = {FBF7E43E-E348-4B5E-A563-C70B0115B948}
		{5A0A4EDA-989C-41F0-BFEC-38230E593E22} = {C46F62B0-28FB-4982-AD82-52B87653DC3D}
		{88A5FB25-BF28-4EC5-AE8D-7862BC3556C3} = {BE5760E6-FF38-4509-B157-19FF800C4634}
	EndGlobalSection
EndGlobal
